
Microsoft Visual Studio Solution File, Format Version 12.00
# Visual Studio 2015
Project("{FAE04EC0-301F-11D3-BF4B-00C04F79EFBC}") = "The Museum.CSharp", "The Museum.CSharp.csproj", "{9819A51A-0534-48DC-88C4-F61EF8DDB14A}"
EndProject
Global
	GlobalSection(SolutionConfigurationPlatforms) = preSolution
		Debug|Any CPU = Debug|Any CPU
		Release|Any CPU = Release|Any CPU
	EndGlobalSection
	GlobalSection(ProjectConfigurationPlatforms) = postSolution
		{9819A51A-0534-48DC-88C4-F61EF8DDB14A}.Debug|Any CPU.ActiveCfg = Debug|Any CPU
		{9819A51A-0534-48DC-88C4-F61EF8DDB14A}.Debug|Any CPU.Build.0 = Debug|Any CPU
		{9819A51A-0534-48DC-88C4-F61EF8DDB14A}.Release|Any CPU.ActiveCfg = Release|Any CPU
		{9819A51A-0534-48DC-88C4-F61EF8DDB14A}.Release|Any CPU.Build.0 = Release|Any CPU
	EndGlobalSection
	GlobalSection(SolutionProperties) = preSolution
		HideSolutionNode = FALSE
	EndGlobalSection
EndGlobal
